
Microsoft Visual Studio Solution File, Format Version 12.00
# Visual Studio Version 17
VisualStudioVersion = 17.8.34330.188
MinimumVisualStudioVersion = 10.0.40219.1
Project("{FAE04EC0-301F-11D3-BF4B-00C04F79EFBC}") = "AcademiaFS.CSharp.Tuesday", "AcademiaFS.CSharp.Tuesday.csproj", "{53DCCF0B-31BA-48C4-A419-3B6021832026}"
EndProject
Global
	GlobalSection(SolutionConfigurationPlatforms) = preSolution
		Debug|Any CPU = Debug|Any CPU
		Release|Any CPU = Release|Any CPU
	EndGlobalSection
	GlobalSection(ProjectConfigurationPlatforms) = postSolution
		{53DCCF0B-31BA-48C4-A419-3B6021832026}.Debug|Any CPU.ActiveCfg = Debug|Any CPU
		{53DCCF0B-31BA-48C4-A419-3B6021832026}.Debug|Any CPU.Build.0 = Debug|Any CPU
		{53DCCF0B-31BA-48C4-A419-3B6021832026}.Release|Any CPU.ActiveCfg = Release|Any CPU
		{53DCCF0B-31BA-48C4-A419-3B6021832026}.Release|Any CPU.Build.0 = Release|Any CPU
	EndGlobalSection
	GlobalSection(SolutionProperties) = preSolution
		HideSolutionNode = FALSE
	EndGlobalSection
	GlobalSection(ExtensibilityGlobals) = postSolution
		SolutionGuid = {0AD2BAE1-57DD-4443-A784-E1939DAA853F}
	EndGlobalSection
EndGlobal
